github.com/modood/table v0.0.0-20200225102042-88de94bb9876 h1:B4Xx3qOvn+rJip+843KkfIn0zefjyr6A5FS5PjMlpLY=
github.com/modood/table v0.0.0-20200225102042-88de94bb9876/go.mod h1:41qyXVI5QH9/ObyPj27CGCVau5v/njfc3Gjj7yzr0HQ=
github.com/tomnomnom/linkheader v0.0.0-20180905144013-02ca5825eb80 h1:nrZ3ySNYwJbSpD6ce9duiP+QkD3JuLCcWkdaehUS/3Y=
github.com/tomnomnom/linkheader v0.0.0-20180905144013-02ca5825eb80/go.mod h1:iFyPdL66DjUD96XmzVL3ZntbzcflLnznH0fr99w5VqE=
